// !$*UTF8*$!
{
	archiveVersion = 1;
	classes = {
	};
	objectVersion = 46;
	objects = {

/* Begin PBXBuildFile section */
		0B1779D019EAC9F60024A0AD /* main.cpp in Sources */ = {isa = PBXBuildFile; fileRef = 0B1779CF19EAC9F60024A0AD /* main.cpp */; };
/* End PBXBuildFile section */

/* Begin PBXCopyFilesBuildPhase section */
		0B1779CA19EAC9F60024A0AD /* CopyFiles */ = {
			isa = PBXCopyFilesBuildPhase;
			buildActionMask = 2147483647;
			dstPath = /usr/share/man/man1/;
			dstSubfolderSpec = 0;
			files = (
			);
			runOnlyForDeploymentPostprocessing = 1;
		};
/* End PBXCopyFilesBuildPhase section */

/* Begin PBXFileReference section */
		0B1779CC19EAC9F60024A0AD /* send_midi */ = {isa = PBXFileReference; explicitFileType = "compiled.mach-o.executable"; includeInIndex = 0; path = send_midi; sourceTree = BUILT_PRODUCTS_DIR; };
		0B1779CF19EAC9F60024A0AD /* main.cpp */ = {isa = PBXFileReference; lastKnownFileType = sourcecode.cpp.cpp; path = main.cpp; sourceTree = "<group>"; };
/* End PBXFileReference section */

/* Begin PBXFrameworksBuildPhase section */
		0B1779C919EAC9F60024A0AD /* Frameworks */ = {
			isa = PBXFrameworksBuildPhase;
			buildActionMask = 2147483647;
			files = (
			);
			runOnlyForDeploymentPostprocessing = 0;
		};
/* End PBXFrameworksBuildPhase section */

/* Begin PBXGroup section */
		0B1779C319EAC9F60024A0AD = {
			isa = PBXGroup;
			children = (
				0B1779CE19EAC9F60024A0AD /* send_midi */,
				0B1779CD19EAC9F60024A0AD /* Products */,
			);
			sourceTree = "<group>";
		};
		0B1779CD19EAC9F60024A0AD /* Products */ = {
			isa = PBXGroup;
			children = (
				0B1779CC19EAC9F60024A0AD /* send_midi */,
			);
			name = Products;
			sourceTree = "<group>";
		};
		0B1779CE19EAC9F60024A0AD /* send_midi */ = {
			isa = PBXGroup;
			children = (
				0B1779CF19EAC9F60024A0AD /* main.cpp */,
			);
			path = send_midi;
			sourceTree = "<group>";
		};
/* End PBXGroup section */

/* Begin PBXNativeTarget section */
		0B1779CB19EAC9F60024A0AD /* send_midi */ = {
			isa = PBXNativeTarget;
			buildConfigurationList = 0B1779D319EAC9F60024A0AD /* Build configuration list for PBXNativeTarget "send_midi" */;
			buildPhases = (
				0B1779C819EAC9F60024A0AD /* Sources */,
				0B1779C919EAC9F60024A0AD /* Frameworks */,
				0B1779CA19EAC9F60024A0AD /* CopyFiles */,
			);
			buildRules = (
			);
			dependencies = (
			);
			name = send_midi;
			productName = send_midi;
			productReference = 0B1779CC19EAC9F60024A0AD /* send_midi */;
			productType = "com.apple.product-type.tool";
		};
/* End PBXNativeTarget section */

/* Begin PBXProject section */
		0B1779C419EAC9F60024A0AD /* Project object */ = {
			isa = PBXProject;
			attributes = {
				LastUpgradeCheck = 0600;
				ORGANIZATIONNAME = "Joss Gray";
				TargetAttributes = {
					0B1779CB19EAC9F60024A0AD = {
						CreatedOnToolsVersion = 6.0.1;
					};
				};
			};
			buildConfigurationList = 0B1779C719EAC9F60024A0AD /* Build configuration list for PBXProject "send_midi" */;
			compatibilityVersion = "Xcode 3.2";
			developmentRegion = English;
			hasScannedForEncodings = 0;
			knownRegions = (
				en,
			);
			mainGroup = 0B1779C319EAC9F60024A0AD;
			productRefGroup = 0B1779CD19EAC9F60024A0AD /* Products */;
			projectDirPath = "";
			projectRoot = "";
			targets = (
				0B1779CB19EAC9F60024A0AD /* send_midi */,
			);
		};
/* End PBXProject section */

/* Begin PBXSourcesBuildPhase section */
		0B1779C819EAC9F60024A0AD /* Sources */ = {
			isa = PBXSourcesBuildPhase;
			buildActionMask = 2147483647;
			files = (
				0B1779D019EAC9F60024A0AD /* main.cpp in Sources */,
			);
			runOnlyForDeploymentPostprocessing = 0;
		};
/* End PBXSourcesBuildPhase section */

/* Begin XCBuildConfiguration section */
		0B1779D119EAC9F60024A0AD /* Debug */ = {
			isa = XCBuildConfiguration;
			buildSettings = {
				ALWAYS_SEARCH_USER_PATHS = NO;
				CLANG_CXX_LANGUAGE_STANDARD = "gnu++0x";
				CLANG_CXX_LIBRARY = "libc++";
				CLANG_ENABLE_MODULES = YES;
				CLANG_ENABLE_OBJC_ARC = YES;
				CLANG_WARN_BOOL_CONVERSION = YES;
				CLANG_WARN_CONSTANT_CONVERSION = YES;
				CLANG_WARN_DIRECT_OBJC_ISA_USAGE = YES_ERROR;
				CLANG_WARN_EMPTY_BODY = YES;
				CLANG_WARN_ENUM_CONVERSION = YES;
				CLANG_WARN_INT_CONVERSION = YES;
				CLANG_WARN_OBJC_ROOT_CLASS = YES_ERROR;
				CLANG_WARN_UNREACHABLE_CODE = YES;
				CLANG_WARN__DUPLICATE_METHOD_MATCH = YES;
				COPY_PHASE_STRIP = NO;
				ENABLE_STRICT_OBJC_MSGSEND = YES;
				GCC_C_LANGUAGE_STANDARD = gnu99;
				GCC_DYNAMIC_NO_PIC = NO;
				GCC_OPTIMIZATION_LEVEL = 0;
				GCC_PREPROCESSOR_DEFINITIONS = (
					"DEBUG=1",
					"$(inherited)",
				);
				GCC_SYMBOLS_PRIVATE_EXTERN = NO;
				GCC_WARN_64_TO_32_BIT_CONVERSION = YES;
				GCC_WARN_ABOUT_RETURN_TYPE = YES_ERROR;
				GCC_WARN_UNDECLARED_SELECTOR = YES;
				GCC_WARN_UNINITIALIZED_AUTOS = YES_AGGRESSIVE;
				GCC_WARN_UNUSED_FUNCTION = YES;
				GCC_WARN_UNUSED_VARIABLE = YES;
				HEADER_SEARCH_PATHS = (
					"$(inherited)",
					/Applications/Xcode.app/Contents/Developer/Toolchains/XcodeDefault.xctoolchain/usr/include,
					../rtmidi,
				);
				LIBRARY_SEARCH_PATHS = ../rtmidi;
				MACOSX_DEPLOYMENT_TARGET = 10.9;
				MTL_ENABLE_DEBUG_INFO = YES;
				ONLY_ACTIVE_ARCH = YES;
				OTHER_LDFLAGS = "-lrtmidi";
				SDKROOT = macosx;
			};
			name = Debug;
		};
		0B1779D219EAC9F60024A0AD /* Release */ = {
			isa = XCBuildConfiguration;
			buildSettings = {
				ALWAYS_SEARCH_USER_PATHS = NO;
				CLANG_CXX_LANGUAGE_STANDARD = "gnu++0x";
				CLANG_CXX_LIBRARY = "libc++";
				CLANG_ENABLE_MODULES = YES;
				CLANG_ENABLE_OBJC_ARC = YES;
				CLANG_WARN_BOOL_CONVERSION = YES;
				CLANG_WARN_CONSTANT_CONVERSION = YES;
				CLANG_WARN_DIRECT_OBJC_ISA_USAGE = YES_ERROR;
				CLANG_WARN_EMPTY_BODY = YES;
				CLANG_WARN_ENUM_CONVERSION = YES;
				CLANG_WARN_INT_CONVERSION = YES;
				CLANG_WARN_OBJC_ROOT_CLASS = YES_ERROR;
				CLANG_WARN_UNREACHABLE_CODE = YES;
				CLANG_WARN__DUPLICATE_METHOD_MATCH = YES;
				COPY_PHASE_STRIP = YES;
				DEBUG_INFORMATION_FORMAT = "dwarf-with-dsym";
				ENABLE_NS_ASSERTIONS = NO;
				ENABLE_STRICT_OBJC_MSGSEND = YES;
				GCC_C_LANGUAGE_STANDARD = gnu99;
				GCC_WARN_64_TO_32_BIT_CONVERSION = YES;
				GCC_WARN_ABOUT_RETURN_TYPE = YES_ERROR;
				GCC_WARN_UNDECLARED_SELECTOR = YES;
				GCC_WARN_UNINITIALIZED_AUTOS = YES_AGGRESSIVE;
				GCC_WARN_UNUSED_FUNCTION = YES;
				GCC_WARN_UNUSED_VARIABLE = YES;
				HEADER_SEARCH_PATHS = (
					"$(inherited)",
					/Applications/Xcode.app/Contents/Developer/Toolchains/XcodeDefault.xctoolchain/usr/include,
					../rtmidi,
				);
				LIBRARY_SEARCH_PATHS = ../rtmidi;
				MACOSX_DEPLOYMENT_TARGET = 10.9;
				MTL_ENABLE_DEBUG_INFO = NO;
				OTHER_LDFLAGS = "-lrtmidi";
				SDKROOT = macosx;
			};
			name = Release;
		};
		0B1779D419EAC9F60024A0AD /* Debug */ = {
			isa = XCBuildConfiguration;
			buildSettings = {
				PRODUCT_NAME = "$(TARGET_NAME)";
			};
			name = Debug;
		};
		0B1779D519EAC9F60024A0AD /* Release */ = {
			isa = XCBuildConfiguration;
			buildSettings = {
				PRODUCT_NAME = "$(TARGET_NAME)";
			};
			name = Release;
		};
/* End XCBuildConfiguration section */

/* Begin XCConfigurationList section */
		0B1779C719EAC9F60024A0AD /* Build configuration list for PBXProject "send_midi" */ = {
			isa = XCConfigurationList;
			buildConfigurations = (
				0B1779D119EAC9F60024A0AD /* Debug */,
				0B1779D219EAC9F60024A0AD /* Release */,
			);
			defaultConfigurationIsVisible = 0;
			defaultConfigurationName = Release;
		};
		0B1779D319EAC9F60024A0AD /* Build configuration list for PBXNativeTarget "send_midi" */ = {
			isa = XCConfigurationList;
			buildConfigurations = (
				0B1779D419EAC9F60024A0AD /* Debug */,
				0B1779D519EAC9F60024A0AD /* Release */,
			);
			defaultConfigurationIsVisible = 0;
		};
/* End XCConfigurationList section */
	};
	rootObject = 0B1779C419EAC9F60024A0AD /* Project object */;
}
